
Microsoft Visual Studio Solution File, Format Version 12.00
# Visual Studio 15
VisualStudioVersion = 15.0.27130.2024
MinimumVisualStudioVersion = 10.0.40219.1
Project("{F2A71F9B-5D33-465A-A702-920D77279786}") = "interpreter", "interpreter\interpreter.fsproj", "{1F8D5C61-3DF7-4903-9A4E-03866E5472A2}"
EndProject
Project("{F2A71F9B-5D33-465A-A702-920D77279786}") = "tests", "tests\tests.fsproj", "{2CF94213-9C21-4214-A86A-462388F46521}"
EndProject
Global
	GlobalSection(SolutionConfigurationPlatforms) = preSolution
		Debug|Any CPU = Debug|Any CPU
		Release|Any CPU = Release|Any CPU
	EndGlobalSection
	GlobalSection(ProjectConfigurationPlatforms) = postSolution
		{1F8D5C61-3DF7-4903-9A4E-03866E5472A2}.Debug|Any CPU.ActiveCfg = Debug|Any CPU
		{1F8D5C61-3DF7-4903-9A4E-03866E5472A2}.Debug|Any CPU.Build.0 = Debug|Any CPU
		{1F8D5C61-3DF7-4903-9A4E-03866E5472A2}.Release|Any CPU.ActiveCfg = Release|Any CPU
		{1F8D5C61-3DF7-4903-9A4E-03866E5472A2}.Release|Any CPU.Build.0 = Release|Any CPU
		{2CF94213-9C21-4214-A86A-462388F46521}.Debug|Any CPU.ActiveCfg = Debug|Any CPU
		{2CF94213-9C21-4214-A86A-462388F46521}.Debug|Any CPU.Build.0 = Debug|Any CPU
		{2CF94213-9C21-4214-A86A-462388F46521}.Release|Any CPU.ActiveCfg = Release|Any CPU
		{2CF94213-9C21-4214-A86A-462388F46521}.Release|Any CPU.Build.0 = Release|Any CPU
	EndGlobalSection
	GlobalSection(SolutionProperties) = preSolution
		HideSolutionNode = FALSE
	EndGlobalSection
	GlobalSection(ExtensibilityGlobals) = postSolution
		SolutionGuid = {7A195B22-D515-440E-95B8-270BAE41693B}
	EndGlobalSection
EndGlobal
